
Microsoft Visual Studio Solution File, Format Version 12.00
# Visual Studio Version 16
VisualStudioVersion = 16.0.28729.10
MinimumVisualStudioVersion = 10.0.40219.1
Project("{FAE04EC0-301F-11D3-BF4B-00C04F79EFBC}") = "Laborotornya_rabota1", "Laborotornya_rabota1\Laborotornya_rabota1.csproj", "{9DD6C554-497D-4BFB-BE99-741B42AC40CB}"
EndProject
Project("{FAE04EC0-301F-11D3-BF4B-00C04F79EFBC}") = "Labaratornay_rabota2", "Labaratornay_rabota2\Labaratornay_rabota2.csproj", "{AFB09401-C879-4DE5-8DC8-3D1CD176ABD0}"
EndProject
Project("{FAE04EC0-301F-11D3-BF4B-00C04F79EFBC}") = "Laborotornya_rabota3", "Laborotornya_rabota3\Laborotornya_rabota3.csproj", "{7B348991-0BB3-420C-8B30-67B2CF8ABC5A}"
EndProject
Project("{FAE04EC0-301F-11D3-BF4B-00C04F79EFBC}") = "Laboratornay_rabota4", "Laborotornya_rabota4\Laboratornay_rabota4.csproj", "{7C6094C4-A8F7-41D6-BE28-4BD79B41800D}"
EndProject
Project("{FAE04EC0-301F-11D3-BF4B-00C04F79EFBC}") = "Laba6_part1", "Laba6_part1\Laba6_part1.csproj", "{9E80E593-E9CA-41DF-9599-D9F4F548B46D}"
EndProject
Project("{FAE04EC0-301F-11D3-BF4B-00C04F79EFBC}") = "Laba6_part2", "Laba6_part2\Laba6_part2.csproj", "{8B10B8FD-1793-49CE-A3FE-E92E2E2B1A1A}"
EndProject
Project("{FAE04EC0-301F-11D3-BF4B-00C04F79EFBC}") = "laboratornay_rabota5", "labaratornay_rabota5\laboratornay_rabota5.csproj", "{F7B7F73E-0CEB-4F41-AD65-7B6C1F62D1D3}"
EndProject
Global
	GlobalSection(SolutionConfigurationPlatforms) = preSolution
		Debug|Any CPU = Debug|Any CPU
		Debug|x64 = Debug|x64
		Debug|x86 = Debug|x86
		Release|Any CPU = Release|Any CPU
		Release|x64 = Release|x64
		Release|x86 = Release|x86
	EndGlobalSection
	GlobalSection(ProjectConfigurationPlatforms) = postSolution
		{9DD6C554-497D-4BFB-BE99-741B42AC40CB}.Debug|Any CPU.ActiveCfg = Debug|Any CPU
		{9DD6C554-497D-4BFB-BE99-741B42AC40CB}.Debug|Any CPU.Build.0 = Debug|Any CPU
		{9DD6C554-497D-4BFB-BE99-741B42AC40CB}.Debug|x64.ActiveCfg = Debug|Any CPU
		{9DD6C554-497D-4BFB-BE99-741B42AC40CB}.Debug|x64.Build.0 = Debug|Any CPU
		{9DD6C554-497D-4BFB-BE99-741B42AC40CB}.Debug|x86.ActiveCfg = Debug|Any CPU
		{9DD6C554-497D-4BFB-BE99-741B42AC40CB}.Debug|x86.Build.0 = Debug|Any CPU
		{9DD6C554-497D-4BFB-BE99-741B42AC40CB}.Release|Any CPU.ActiveCfg = Release|Any CPU
		{9DD6C554-497D-4BFB-BE99-741B42AC40CB}.Release|Any CPU.Build.0 = Release|Any CPU
		{9DD6C554-497D-4BFB-BE99-741B42AC40CB}.Release|x64.ActiveCfg = Release|Any CPU
		{9DD6C554-497D-4BFB-BE99-741B42AC40CB}.Release|x64.Build.0 = Release|Any CPU
		{9DD6C554-497D-4BFB-BE99-741B42AC40CB}.Release|x86.ActiveCfg = Release|Any CPU
		{9DD6C554-497D-4BFB-BE99-741B42AC40CB}.Release|x86.Build.0 = Release|Any CPU
		{AFB09401-C879-4DE5-8DC8-3D1CD176ABD0}.Debug|Any CPU.ActiveCfg = Debug|Any CPU
		{AFB09401-C879-4DE5-8DC8-3D1CD176ABD0}.Debug|Any CPU.Build.0 = Debug|Any CPU
		{AFB09401-C879-4DE5-8DC8-3D1CD176ABD0}.Debug|x64.ActiveCfg = Debug|Any CPU
		{AFB09401-C879-4DE5-8DC8-3D1CD176ABD0}.Debug|x64.Build.0 = Debug|Any CPU
		{AFB09401-C879-4DE5-8DC8-3D1CD176ABD0}.Debug|x86.ActiveCfg = Debug|Any CPU
		{AFB09401-C879-4DE5-8DC8-3D1CD176ABD0}.Debug|x86.Build.0 = Debug|Any CPU
		{AFB09401-C879-4DE5-8DC8-3D1CD176ABD0}.Release|Any CPU.ActiveCfg = Release|Any CPU
		{AFB09401-C879-4DE5-8DC8-3D1CD176ABD0}.Release|Any CPU.Build.0 = Release|Any CPU
		{AFB09401-C879-4DE5-8DC8-3D1CD176ABD0}.Release|x64.ActiveCfg = Release|Any CPU
		{AFB09401-C879-4DE5-8DC8-3D1CD176ABD0}.Release|x64.Build.0 = Release|Any CPU
		{AFB09401-C879-4DE5-8DC8-3D1CD176ABD0}.Release|x86.ActiveCfg = Release|Any CPU
		{AFB09401-C879-4DE5-8DC8-3D1CD176ABD0}.Release|x86.Build.0 = Release|Any CPU
		{7B348991-0BB3-420C-8B30-67B2CF8ABC5A}.Debug|Any CPU.ActiveCfg = Debug|Any CPU
		{7B348991-0BB3-420C-8B30-67B2CF8ABC5A}.Debug|Any CPU.Build.0 = Debug|Any CPU
		{7B348991-0BB3-420C-8B30-67B2CF8ABC5A}.Debug|x64.ActiveCfg = Debug|Any CPU
		{7B348991-0BB3-420C-8B30-67B2CF8ABC5A}.Debug|x64.Build.0 = Debug|Any CPU
		{7B348991-0BB3-420C-8B30-67B2CF8ABC5A}.Debug|x86.ActiveCfg = Debug|Any CPU
		{7B348991-0BB3-420C-8B30-67B2CF8ABC5A}.Debug|x86.Build.0 = Debug|Any CPU
		{7B348991-0BB3-420C-8B30-67B2CF8ABC5A}.Release|Any CPU.ActiveCfg = Release|Any CPU
		{7B348991-0BB3-420C-8B30-67B2CF8ABC5A}.Release|Any CPU.Build.0 = Release|Any CPU
		{7B348991-0BB3-420C-8B30-67B2CF8ABC5A}.Release|x64.ActiveCfg = Release|Any CPU
		{7B348991-0BB3-420C-8B30-67B2CF8ABC5A}.Release|x64.Build.0 = Release|Any CPU
		{7B348991-0BB3-420C-8B30-67B2CF8ABC5A}.Release|x86.ActiveCfg = Release|Any CPU
		{7B348991-0BB3-420C-8B30-67B2CF8ABC5A}.Release|x86.Build.0 = Release|Any CPU
		{7C6094C4-A8F7-41D6-BE28-4BD79B41800D}.Debug|Any CPU.ActiveCfg = Debug|Any CPU
		{7C6094C4-A8F7-41D6-BE28-4BD79B41800D}.Debug|Any CPU.Build.0 = Debug|Any CPU
		{7C6094C4-A8F7-41D6-BE28-4BD79B41800D}.Debug|x64.ActiveCfg = Debug|Any CPU
		{7C6094C4-A8F7-41D6-BE28-4BD79B41800D}.Debug|x64.Build.0 = Debug|Any CPU
		{7C6094C4-A8F7-41D6-BE28-4BD79B41800D}.Debug|x86.ActiveCfg = Debug|Any CPU
		{7C6094C4-A8F7-41D6-BE28-4BD79B41800D}.Debug|x86.Build.0 = Debug|Any CPU
		{7C6094C4-A8F7-41D6-BE28-4BD79B41800D}.Release|Any CPU.ActiveCfg = Release|Any CPU
		{7C6094C4-A8F7-41D6-BE28-4BD79B41800D}.Release|Any CPU.Build.0 = Release|Any CPU
		{7C6094C4-A8F7-41D6-BE28-4BD79B41800D}.Release|x64.ActiveCfg = Release|Any CPU
		{7C6094C4-A8F7-41D6-BE28-4BD79B41800D}.Release|x64.Build.0 = Release|Any CPU
		{7C6094C4-A8F7-41D6-BE28-4BD79B41800D}.Release|x86.ActiveCfg = Release|Any CPU
		{7C6094C4-A8F7-41D6-BE28-4BD79B41800D}.Release|x86.Build.0 = Release|Any CPU
		{9E80E593-E9CA-41DF-9599-D9F4F548B46D}.Debug|Any CPU.ActiveCfg = Debug|Any CPU
		{9E80E593-E9CA-41DF-9599-D9F4F548B46D}.Debug|Any CPU.Build.0 = Debug|Any CPU
		{9E80E593-E9CA-41DF-9599-D9F4F548B46D}.Debug|x64.ActiveCfg = Debug|Any CPU
		{9E80E593-E9CA-41DF-9599-D9F4F548B46D}.Debug|x64.Build.0 = Debug|Any CPU
		{9E80E593-E9CA-41DF-9599-D9F4F548B46D}.Debug|x86.ActiveCfg = Debug|Any CPU
		{9E80E593-E9CA-41DF-9599-D9F4F548B46D}.Debug|x86.Build.0 = Debug|Any CPU
		{9E80E593-E9CA-41DF-9599-D9F4F548B46D}.Release|Any CPU.ActiveCfg = Release|Any CPU
		{9E80E593-E9CA-41DF-9599-D9F4F548B46D}.Release|Any CPU.Build.0 = Release|Any CPU
		{9E80E593-E9CA-41DF-9599-D9F4F548B46D}.Release|x64.ActiveCfg = Release|Any CPU
		{9E80E593-E9CA-41DF-9599-D9F4F548B46D}.Release|x64.Build.0 = Release|Any CPU
		{9E80E593-E9CA-41DF-9599-D9F4F548B46D}.Release|x86.ActiveCfg = Release|Any CPU
		{9E80E593-E9CA-41DF-9599-D9F4F548B46D}.Release|x86.Build.0 = Release|Any CPU
		{8B10B8FD-1793-49CE-A3FE-E92E2E2B1A1A}.Debug|Any CPU.ActiveCfg = Debug|Any CPU
		{8B10B8FD-1793-49CE-A3FE-E92E2E2B1A1A}.Debug|Any CPU.Build.0 = Debug|Any CPU
		{8B10B8FD-1793-49CE-A3FE-E92E2E2B1A1A}.Debug|x64.ActiveCfg = Debug|Any CPU
		{8B10B8FD-1793-49CE-A3FE-E92E2E2B1A1A}.Debug|x64.Build.0 = Debug|Any CPU
		{8B10B8FD-1793-49CE-A3FE-E92E2E2B1A1A}.Debug|x86.ActiveCfg = Debug|Any CPU
		{8B10B8FD-1793-49CE-A3FE-E92E2E2B1A1A}.Debug|x86.Build.0 = Debug|Any CPU
		{8B10B8FD-1793-49CE-A3FE-E92E2E2B1A1A}.Release|Any CPU.ActiveCfg = Release|Any CPU
		{8B10B8FD-1793-49CE-A3FE-E92E2E2B1A1A}.Release|Any CPU.Build.0 = Release|Any CPU
		{8B10B8FD-1793-49CE-A3FE-E92E2E2B1A1A}.Release|x64.ActiveCfg = Release|Any CPU
		{8B10B8FD-1793-49CE-A3FE-E92E2E2B1A1A}.Release|x64.Build.0 = Release|Any CPU
		{8B10B8FD-1793-49CE-A3FE-E92E2E2B1A1A}.Release|x86.ActiveCfg = Release|Any CPU
		{8B10B8FD-1793-49CE-A3FE-E92E2E2B1A1A}.Release|x86.Build.0 = Release|Any CPU
		{F7B7F73E-0CEB-4F41-AD65-7B6C1F62D1D3}.Debug|Any CPU.ActiveCfg = Debug|Any CPU
		{F7B7F73E-0CEB-4F41-AD65-7B6C1F62D1D3}.Debug|Any CPU.Build.0 = Debug|Any CPU
		{F7B7F73E-0CEB-4F41-AD65-7B6C1F62D1D3}.Debug|x64.ActiveCfg = Debug|Any CPU
		{F7B7F73E-0CEB-4F41-AD65-7B6C1F62D1D3}.Debug|x64.Build.0 = Debug|Any CPU
		{F7B7F73E-0CEB-4F41-AD65-7B6C1F62D1D3}.Debug|x86.ActiveCfg = Debug|Any CPU
		{F7B7F73E-0CEB-4F41-AD65-7B6C1F62D1D3}.Debug|x86.Build.0 = Debug|Any CPU
		{F7B7F73E-0CEB-4F41-AD65-7B6C1F62D1D3}.Release|Any CPU.ActiveCfg = Release|Any CPU
		{F7B7F73E-0CEB-4F41-AD65-7B6C1F62D1D3}.Release|Any CPU.Build.0 = Release|Any CPU
		{F7B7F73E-0CEB-4F41-AD65-7B6C1F62D1D3}.Release|x64.ActiveCfg = Release|Any CPU
		{F7B7F73E-0CEB-4F41-AD65-7B6C1F62D1D3}.Release|x64.Build.0 = Release|Any CPU
		{F7B7F73E-0CEB-4F41-AD65-7B6C1F62D1D3}.Release|x86.ActiveCfg = Release|Any CPU
		{F7B7F73E-0CEB-4F41-AD65-7B6C1F62D1D3}.Release|x86.Build.0 = Release|Any CPU
	EndGlobalSection
	GlobalSection(SolutionProperties) = preSolution
		HideSolutionNode = FALSE
	EndGlobalSection
	GlobalSection(ExtensibilityGlobals) = postSolution
		SolutionGuid = {EF2A0ADE-8B86-4FEF-8E33-F76F37187588}
	EndGlobalSection
EndGlobal
